# THIS IS AN AUTOGENERATED FILE. DO NOT EDIT THIS FILE DIRECTLY.
# yarn lockfile v1


react-ga@^3.3.0:
  version "3.3.0"
  resolved "https://registry.yarnpkg.com/react-ga/-/react-ga-3.3.0.tgz#c91f407198adcb3b49e2bc5c12b3fe460039b3ca"
  integrity sha512-o8RScHj6Lb8cwy3GMrVH6NJvL+y0zpJvKtc0+wmH7Bt23rszJmnqEQxRbyrqUzk9DTJIHoP42bfO5rswC9SWBQ==
