{
  "name": "@asyncapihub/plugin-billing",
  "version": "0.2.0",
  "lockfileVersion": 1,
  "requires": true,
  "dependencies": {
    "@stripe/stripe-js": {
      "version": "1.5.0",
      "resolved": "https://registry.npmjs.org/@stripe/stripe-js/-/stripe-js-1.5.0.tgz",
      "integrity": "sha512-KCctMhOYCKtyXf0lnO7D+1aHRC566LQf2I490GqvLHhgjGfzf4O44eUXZsOi5IxJkJTtcCBtxKYXXlwuDif/KA=="
    },
    "@types/node": {
      "version": "13.13.5",
      "resolved": "https://registry.npmjs.org/@types/node/-/node-13.13.5.tgz",
      "integrity": "sha512-3ySmiBYJPqgjiHA7oEaIo2Rzz0HrOZ7yrNO5HWyaE5q0lQ3BppDZ3N53Miz8bw2I7gh1/zir2MGVZBvpb1zq9g=="
    },
    "camelcase": {
      "version": "5.3.1",
      "resolved": "https://registry.npmjs.org/camelcase/-/camelcase-5.3.1.tgz",
      "integrity": "sha512-L28STB170nwWS63UjtlEOE3dldQApaJXZkOI1uMFfzf3rRuPegHaHesyee+YxQ+W6SvRDQV6UrdOdRiR153wJg=="
    },
    "qs": {
      "version": "6.9.4",
      "resolved": "https://registry.npmjs.org/qs/-/qs-6.9.4.tgz",
      "integrity": "sha512-A1kFqHekCTM7cz0udomYUoYNWjBebHm/5wzU/XqrBRBNWectVH0QIiN+NEcZ0Dte5hvzHwbr8+XQmguPhJ6WdQ=="
    },
    "react-icons": {
      "version": "3.10.0",
      "resolved": "https://registry.npmjs.org/react-icons/-/react-icons-3.10.0.tgz",
      "integrity": "sha512-WsQ5n1JToG9VixWilSo1bHv842Cj5aZqTGiS3Ud47myF6aK7S/IUY2+dHcBdmkQcCFRuHsJ9OMUI0kTDfjyZXQ==",
      "requires": {
        "camelcase": "^5.0.0"
      }
    },
    "stripe": {
      "version": "8.51.0",
      "resolved": "https://registry.npmjs.org/stripe/-/stripe-8.51.0.tgz",
      "integrity": "sha512-4k4PRI9QnFCmYIl+mAU/HW4yq4+iRru3pJChzFWhUwQMLdSqlva2aXTiHiLfF5NUuHPuUoXZf64t6JwM+LvefA==",
      "requires": {
        "@types/node": ">=8.1.0",
        "qs": "^6.6.0"
      }
    }
  }
}
