{
  "name": "@asyncapihub/plugin-sentry",
  "version": "0.1.0",
  "lockfileVersion": 1,
  "requires": true,
  "dependencies": {
    "@sentry/apm": {
      "version": "5.15.5",
      "resolved": "https://registry.npmjs.org/@sentry/apm/-/apm-5.15.5.tgz",
      "integrity": "sha512-2PyifsiQdvFEQhbL7tQnCKGLOO1JtZeqso3bc6ARJBvKxM77mtyMo/D0C2Uzt9sXCYiALhQ1rbB1aY8iYyglpg==",
      "requires": {
        "@sentry/browser": "5.15.5",
        "@sentry/hub": "5.15.5",
        "@sentry/minimal": "5.15.5",
        "@sentry/types": "5.15.5",
        "@sentry/utils": "5.15.5",
        "tslib": "^1.9.3"
      }
    },
    "@sentry/browser": {
      "version": "5.15.5",
      "resolved": "https://registry.npmjs.org/@sentry/browser/-/browser-5.15.5.tgz",
      "integrity": "sha512-rqDvjk/EvogfdbZ4TiEpxM/lwpPKmq23z9YKEO4q81+1SwJNua53H60dOk9HpRU8nOJ1g84TMKT2Ov8H7sqDWA==",
      "requires": {
        "@sentry/core": "5.15.5",
        "@sentry/types": "5.15.5",
        "@sentry/utils": "5.15.5",
        "tslib": "^1.9.3"
      }
    },
    "@sentry/core": {
      "version": "5.15.5",
      "resolved": "https://registry.npmjs.org/@sentry/core/-/core-5.15.5.tgz",
      "integrity": "sha512-enxBLv5eibBMqcWyr+vApqeix8uqkfn0iGsD3piKvoMXCgKsrfMwlb/qo9Ox0lKr71qIlZVt+9/A2vZohdgnlg==",
      "requires": {
        "@sentry/hub": "5.15.5",
        "@sentry/minimal": "5.15.5",
        "@sentry/types": "5.15.5",
        "@sentry/utils": "5.15.5",
        "tslib": "^1.9.3"
      }
    },
    "@sentry/hub": {
      "version": "5.15.5",
      "resolved": "https://registry.npmjs.org/@sentry/hub/-/hub-5.15.5.tgz",
      "integrity": "sha512-zX9o49PcNIVMA4BZHe//GkbQ4Jx+nVofqU/Il32/IbwKhcpPlhGX3c1sOVQo4uag3cqd/JuQsk+DML9TKkN0Lw==",
      "requires": {
        "@sentry/types": "5.15.5",
        "@sentry/utils": "5.15.5",
        "tslib": "^1.9.3"
      }
    },
    "@sentry/minimal": {
      "version": "5.15.5",
      "resolved": "https://registry.npmjs.org/@sentry/minimal/-/minimal-5.15.5.tgz",
      "integrity": "sha512-zQkkJ1l9AjmU/Us5IrOTzu7bic4sTPKCatptXvLSTfyKW7N6K9MPIIFeSpZf9o1yM2sRYdK7GV08wS2eCT3JYw==",
      "requires": {
        "@sentry/hub": "5.15.5",
        "@sentry/types": "5.15.5",
        "tslib": "^1.9.3"
      }
    },
    "@sentry/node": {
      "version": "5.15.5",
      "resolved": "https://registry.npmjs.org/@sentry/node/-/node-5.15.5.tgz",
      "integrity": "sha512-BK0iTOiiIM0UnydLeT/uUBY1o1Sp85aqwaQRMfZbjMCsgXERLNGvzzV68FDH1cyC1nR6dREK3Gs8bxS4S54aLQ==",
      "requires": {
        "@sentry/apm": "5.15.5",
        "@sentry/core": "5.15.5",
        "@sentry/hub": "5.15.5",
        "@sentry/types": "5.15.5",
        "@sentry/utils": "5.15.5",
        "cookie": "^0.3.1",
        "https-proxy-agent": "^4.0.0",
        "lru_map": "^0.3.3",
        "tslib": "^1.9.3"
      }
    },
    "@sentry/types": {
      "version": "5.15.5",
      "resolved": "https://registry.npmjs.org/@sentry/types/-/types-5.15.5.tgz",
      "integrity": "sha512-F9A5W7ucgQLJUG4LXw1ZIy4iLevrYZzbeZ7GJ09aMlmXH9PqGThm1t5LSZlVpZvUfQ2rYA8NU6BdKJSt7B5LPw=="
    },
    "@sentry/utils": {
      "version": "5.15.5",
      "resolved": "https://registry.npmjs.org/@sentry/utils/-/utils-5.15.5.tgz",
      "integrity": "sha512-Nl9gl/MGnzSkuKeo3QaefoD/OJrFLB8HmwQ7HUbTXb6E7yyEzNKAQMHXGkwNAjbdYyYbd42iABP6Y5F/h39NtA==",
      "requires": {
        "@sentry/types": "5.15.5",
        "tslib": "^1.9.3"
      }
    },
    "agent-base": {
      "version": "5.1.1",
      "resolved": "https://registry.npmjs.org/agent-base/-/agent-base-5.1.1.tgz",
      "integrity": "sha512-TMeqbNl2fMW0nMjTEPOwe3J/PRFP4vqeoNuQMG0HlMrtm5QxKqdvAkZ1pRBQ/ulIyDD5Yq0nJ7YbdD8ey0TO3g=="
    },
    "cookie": {
      "version": "0.3.1",
      "resolved": "https://registry.npmjs.org/cookie/-/cookie-0.3.1.tgz",
      "integrity": "sha1-5+Ch+e9DtMi6klxcWpboBtFoc7s="
    },
    "debug": {
      "version": "4.1.1",
      "resolved": "https://registry.npmjs.org/debug/-/debug-4.1.1.tgz",
      "integrity": "sha512-pYAIzeRo8J6KPEaJ0VWOh5Pzkbw/RetuzehGM7QRRX5he4fPHx2rdKMB256ehJCkX+XRQm16eZLqLNS8RSZXZw==",
      "requires": {
        "ms": "^2.1.1"
      }
    },
    "https-proxy-agent": {
      "version": "4.0.0",
      "resolved": "https://registry.npmjs.org/https-proxy-agent/-/https-proxy-agent-4.0.0.tgz",
      "integrity": "sha512-zoDhWrkR3of1l9QAL8/scJZyLu8j/gBkcwcaQOZh7Gyh/+uJQzGVETdgT30akuwkpL8HTRfssqI3BZuV18teDg==",
      "requires": {
        "agent-base": "5",
        "debug": "4"
      }
    },
    "lru_map": {
      "version": "0.3.3",
      "resolved": "https://registry.npmjs.org/lru_map/-/lru_map-0.3.3.tgz",
      "integrity": "sha1-tcg1G5Rky9dQM1p5ZQoOwOVhGN0="
    },
    "ms": {
      "version": "2.1.2",
      "resolved": "https://registry.npmjs.org/ms/-/ms-2.1.2.tgz",
      "integrity": "sha512-sGkPx+VjMtmA6MX27oA4FBFELFCZZ4S4XqeGOXCv68tT+jb3vk/RyaKWP0PTKyWtmLSM0b+adUTEvbs1PEaH2w=="
    },
    "tslib": {
      "version": "1.11.2",
      "resolved": "https://registry.npmjs.org/tslib/-/tslib-1.11.2.tgz",
      "integrity": "sha512-tTSkux6IGPnUGUd1XAZHcpu85MOkIl5zX49pO+jfsie3eP0B6pyhOlLXm3cAC6T7s+euSDDUUV+Acop5WmtkVg=="
    }
  }
}
